// !$*UTF8*$!
{
	archiveVersion = 1;
	classes = {
	};
	objectVersion = 46;
	objects = {

/* Begin PBXBuildFile section */
		016F72A11D70346900A5A080 /* main.m in Sources */ = {isa = PBXBuildFile; fileRef = 016F72A01D70346900A5A080 /* main.m */; };
		016F72A41D70346900A5A080 /* AppDelegate.m in Sources */ = {isa = PBXBuildFile; fileRef = 016F72A31D70346900A5A080 /* AppDelegate.m */; };
		016F72A71D70346900A5A080 /* ViewController.m in Sources */ = {isa = PBXBuildFile; fileRef = 016F72A61D70346900A5A080 /* ViewController.m */; };
		016F72AA1D70346900A5A080 /* Main.storyboard in Resources */ = {isa = PBXBuildFile; fileRef = 016F72A81D70346900A5A080 /* Main.storyboard */; };
		016F72AD1D70346900A5A080 /* HelloCoreData.xcdatamodeld in Sources */ = {isa = PBXBuildFile; fileRef = 016F72AB1D70346900A5A080 /* HelloCoreData.xcdatamodeld */; };
		016F72AF1D70346900A5A080 /* Assets.xcassets in Resources */ = {isa = PBXBuildFile; fileRef = 016F72AE1D70346900A5A080 /* Assets.xcassets */; };
		016F72B21D70346900A5A080 /* LaunchScreen.storyboard in Resources */ = {isa = PBXBuildFile; fileRef = 016F72B01D70346900A5A080 /* LaunchScreen.storyboard */; };
		016F72BD1D7034E300A5A080 /* Person+CoreDataProperties.m in Sources */ = {isa = PBXBuildFile; fileRef = 016F72BA1D7034E300A5A080 /* Person+CoreDataProperties.m */; };
		016F72BE1D7034E300A5A080 /* Person.m in Sources */ = {isa = PBXBuildFile; fileRef = 016F72BC1D7034E300A5A080 /* Person.m */; };
/* End PBXBuildFile section */

/* Begin PBXFileReference section */
		016F729C1D70346900A5A080 /* HelloCoreData.app */ = {isa = PBXFileReference; explicitFileType = wrapper.application; includeInIndex = 0; path = HelloCoreData.app; sourceTree = BUILT_PRODUCTS_DIR; };
		016F72A01D70346900A5A080 /* main.m */ = {isa = PBXFileReference; lastKnownFileType = sourcecode.c.objc; path = main.m; sourceTree = "<group>"; };
		016F72A21D70346900A5A080 /* AppDelegate.h */ = {isa = PBXFileReference; lastKnownFileType = sourcecode.c.h; path = AppDelegate.h; sourceTree = "<group>"; };
		016F72A31D70346900A5A080 /* AppDelegate.m */ = {isa = PBXFileReference; lastKnownFileType = sourcecode.c.objc; path = AppDelegate.m; sourceTree = "<group>"; };
		016F72A51D70346900A5A080 /* ViewController.h */ = {isa = PBXFileReference; lastKnownFileType = sourcecode.c.h; path = ViewController.h; sourceTree = "<group>"; };
		016F72A61D70346900A5A080 /* ViewController.m */ = {isa = PBXFileReference; lastKnownFileType = sourcecode.c.objc; path = ViewController.m; sourceTree = "<group>"; };
		016F72A91D70346900A5A080 /* Base */ = {isa = PBXFileReference; lastKnownFileType = file.storyboard; name = Base; path = Base.lproj/Main.storyboard; sourceTree = "<group>"; };
		016F72AC1D70346900A5A080 /* HelloCoreData.xcdatamodel */ = {isa = PBXFileReference; lastKnownFileType = wrapper.xcdatamodel; path = HelloCoreData.xcdatamodel; sourceTree = "<group>"; };
		016F72AE1D70346900A5A080 /* Assets.xcassets */ = {isa = PBXFileReference; lastKnownFileType = folder.assetcatalog; path = Assets.xcassets; sourceTree = "<group>"; };
		016F72B11D70346900A5A080 /* Base */ = {isa = PBXFileReference; lastKnownFileType = file.storyboard; name = Base; path = Base.lproj/LaunchScreen.storyboard; sourceTree = "<group>"; };
		016F72B31D70346900A5A080 /* Info.plist */ = {isa = PBXFileReference; lastKnownFileType = text.plist.xml; path = Info.plist; sourceTree = "<group>"; };
		016F72B91D7034E300A5A080 /* Person+CoreDataProperties.h */ = {isa = PBXFileReference; fileEncoding = 4; lastKnownFileType = sourcecode.c.h; path = "Person+CoreDataProperties.h"; sourceTree = "<group>"; };
		016F72BA1D7034E300A5A080 /* Person+CoreDataProperties.m */ = {isa = PBXFileReference; fileEncoding = 4; lastKnownFileType = sourcecode.c.objc; path = "Person+CoreDataProperties.m"; sourceTree = "<group>"; };
		016F72BB1D7034E300A5A080 /* Person.h */ = {isa = PBXFileReference; fileEncoding = 4; lastKnownFileType = sourcecode.c.h; path = Person.h; sourceTree = "<group>"; };
		016F72BC1D7034E300A5A080 /* Person.m */ = {isa = PBXFileReference; fileEncoding = 4; lastKnownFileType = sourcecode.c.objc; path = Person.m; sourceTree = "<group>"; };
/* End PBXFileReference section */

/* Begin PBXFrameworksBuildPhase section */
		016F72991D70346900A5A080 /* Frameworks */ = {
			isa = PBXFrameworksBuildPhase;
			buildActionMask = 2147483647;
			files = (
			);
			runOnlyForDeploymentPostprocessing = 0;
		};
/* End PBXFrameworksBuildPhase section */

/* Begin PBXGroup section */
		016F72931D70346900A5A080 = {
			isa = PBXGroup;
			children = (
				016F729E1D70346900A5A080 /* HelloCoreData */,
				016F729D1D70346900A5A080 /* Products */,
			);
			sourceTree = "<group>";
		};
		016F729D1D70346900A5A080 /* Products */ = {
			isa = PBXGroup;
			children = (
				016F729C1D70346900A5A080 /* HelloCoreData.app */,
			);
			name = Products;
			sourceTree = "<group>";
		};
		016F729E1D70346900A5A080 /* HelloCoreData */ = {
			isa = PBXGroup;
			children = (
				016F72A21D70346900A5A080 /* AppDelegate.h */,
				016F72A31D70346900A5A080 /* AppDelegate.m */,
				016F72A51D70346900A5A080 /* ViewController.h */,
				016F72A61D70346900A5A080 /* ViewController.m */,
				016F72A81D70346900A5A080 /* Main.storyboard */,
				016F72AE1D70346900A5A080 /* Assets.xcassets */,
				016F72B01D70346900A5A080 /* LaunchScreen.storyboard */,
				016F72B31D70346900A5A080 /* Info.plist */,
				016F72AB1D70346900A5A080 /* HelloCoreData.xcdatamodeld */,
				016F72B91D7034E300A5A080 /* Person+CoreDataProperties.h */,
				016F72BA1D7034E300A5A080 /* Person+CoreDataProperties.m */,
				016F72BB1D7034E300A5A080 /* Person.h */,
				016F72BC1D7034E300A5A080 /* Person.m */,
				016F729F1D70346900A5A080 /* Supporting Files */,
			);
			path = HelloCoreData;
			sourceTree = "<group>";
		};
		016F729F1D70346900A5A080 /* Supporting Files */ = {
			isa = PBXGroup;
			children = (
				016F72A01D70346900A5A080 /* main.m */,
			);
			name = "Supporting Files";
			sourceTree = "<group>";
		};
/* End PBXGroup section */

/* Begin PBXNativeTarget section */
		016F729B1D70346900A5A080 /* HelloCoreData */ = {
			isa = PBXNativeTarget;
			buildConfigurationList = 016F72B61D70346900A5A080 /* Build configuration list for PBXNativeTarget "HelloCoreData" */;
			buildPhases = (
				016F72981D70346900A5A080 /* Sources */,
				016F72991D70346900A5A080 /* Frameworks */,
				016F729A1D70346900A5A080 /* Resources */,
			);
			buildRules = (
			);
			dependencies = (
			);
			name = HelloCoreData;
			productName = HelloCoreData;
			productReference = 016F729C1D70346900A5A080 /* HelloCoreData.app */;
			productType = "com.apple.product-type.application";
		};
/* End PBXNativeTarget section */

/* Begin PBXProject section */
		016F72941D70346900A5A080 /* Project object */ = {
			isa = PBXProject;
			attributes = {
				LastUpgradeCheck = 0730;
				ORGANIZATIONNAME = Andrew554;
				TargetAttributes = {
					016F729B1D70346900A5A080 = {
						CreatedOnToolsVersion = 7.3.1;
						DevelopmentTeam = K68RHF34H8;
					};
				};
			};
			buildConfigurationList = 016F72971D70346900A5A080 /* Build configuration list for PBXProject "HelloCoreData" */;
			compatibilityVersion = "Xcode 3.2";
			developmentRegion = English;
			hasScannedForEncodings = 0;
			knownRegions = (
				en,
				Base,
			);
			mainGroup = 016F72931D70346900A5A080;
			productRefGroup = 016F729D1D70346900A5A080 /* Products */;
			projectDirPath = "";
			projectRoot = "";
			targets = (
				016F729B1D70346900A5A080 /* HelloCoreData */,
			);
		};
/* End PBXProject section */

/* Begin PBXResourcesBuildPhase section */
		016F729A1D70346900A5A080 /* Resources */ = {
			isa = PBXResourcesBuildPhase;
			buildActionMask = 2147483647;
			files = (
				016F72B21D70346900A5A080 /* LaunchScreen.storyboard in Resources */,
				016F72AF1D70346900A5A080 /* Assets.xcassets in Resources */,
				016F72AA1D70346900A5A080 /* Main.storyboard in Resources */,
			);
			runOnlyForDeploymentPostprocessing = 0;
		};
/* End PBXResourcesBuildPhase section */

/* Begin PBXSourcesBuildPhase section */
		016F72981D70346900A5A080 /* Sources */ = {
			isa = PBXSourcesBuildPhase;
			buildActionMask = 2147483647;
			files = (
				016F72BE1D7034E300A5A080 /* Person.m in Sources */,
				016F72A71D70346900A5A080 /* ViewController.m in Sources */,
				016F72AD1D70346900A5A080 /* HelloCoreData.xcdatamodeld in Sources */,
				016F72A41D70346900A5A080 /* AppDelegate.m in Sources */,
				016F72BD1D7034E300A5A080 /* Person+CoreDataProperties.m in Sources */,
				016F72A11D70346900A5A080 /* main.m in Sources */,
			);
			runOnlyForDeploymentPostprocessing = 0;
		};
/* End PBXSourcesBuildPhase section */

/* Begin PBXVariantGroup section */
		016F72A81D70346900A5A080 /* Main.storyboard */ = {
			isa = PBXVariantGroup;
			children = (
				016F72A91D70346900A5A080 /* Base */,
			);
			name = Main.storyboard;
			sourceTree = "<group>";
		};
		016F72B01D70346900A5A080 /* LaunchScreen.storyboard */ = {
			isa = PBXVariantGroup;
			children = (
				016F72B11D70346900A5A080 /* Base */,
			);
			name = LaunchScreen.storyboard;
			sourceTree = "<group>";
		};
/* End PBXVariantGroup section */

/* Begin XCBuildConfiguration section */
		016F72B41D70346900A5A080 /* Debug */ = {
			isa = XCBuildConfiguration;
			buildSettings = {
				ALWAYS_SEARCH_USER_PATHS = NO;
				CLANG_ANALYZER_NONNULL = YES;
				CLANG_CXX_LANGUAGE_STANDARD = "gnu++0x";
				CLANG_CXX_LIBRARY = "libc++";
				CLANG_ENABLE_MODULES = YES;
				CLANG_ENABLE_OBJC_ARC = YES;
				CLANG_WARN_BOOL_CONVERSION = YES;
				CLANG_WARN_CONSTANT_CONVERSION = YES;
				CLANG_WARN_DIRECT_OBJC_ISA_USAGE = YES_ERROR;
				CLANG_WARN_EMPTY_BODY = YES;
				CLANG_WARN_ENUM_CONVERSION = YES;
				CLANG_WARN_INT_CONVERSION = YES;
				CLANG_WARN_OBJC_ROOT_CLASS = YES_ERROR;
				CLANG_WARN_UNREACHABLE_CODE = YES;
				CLANG_WARN__DUPLICATE_METHOD_MATCH = YES;
				"CODE_SIGN_IDENTITY[sdk=iphoneos*]" = "iPhone Developer";
				COPY_PHASE_STRIP = NO;
				DEBUG_INFORMATION_FORMAT = dwarf;
				ENABLE_STRICT_OBJC_MSGSEND = YES;
				ENABLE_TESTABILITY = YES;
				GCC_C_LANGUAGE_STANDARD = gnu99;
				GCC_DYNAMIC_NO_PIC = NO;
				GCC_NO_COMMON_BLOCKS = YES;
				GCC_OPTIMIZATION_LEVEL = 0;
				GCC_PREPROCESSOR_DEFINITIONS = (
					"DEBUG=1",
					"$(inherited)",
				);
				GCC_WARN_64_TO_32_BIT_CONVERSION = YES;
				GCC_WARN_ABOUT_RETURN_TYPE = YES_ERROR;
				GCC_WARN_UNDECLARED_SELECTOR = YES;
				GCC_WARN_UNINITIALIZED_AUTOS = YES_AGGRESSIVE;
				GCC_WARN_UNUSED_FUNCTION = YES;
				GCC_WARN_UNUSED_VARIABLE = YES;
				IPHONEOS_DEPLOYMENT_TARGET = 9.3;
				MTL_ENABLE_DEBUG_INFO = YES;
				ONLY_ACTIVE_ARCH = YES;
				SDKROOT = iphoneos;
				TARGETED_DEVICE_FAMILY = "1,2";
			};
			name = Debug;
		};
		016F72B51D70346900A5A080 /* Release */ = {
			isa = XCBuildConfiguration;
			buildSettings = {
				ALWAYS_SEARCH_USER_PATHS = NO;
				CLANG_ANALYZER_NONNULL = YES;
				CLANG_CXX_LANGUAGE_STANDARD = "gnu++0x";
				CLANG_CXX_LIBRARY = "libc++";
				CLANG_ENABLE_MODULES = YES;
				CLANG_ENABLE_OBJC_ARC = YES;
				CLANG_WARN_BOOL_CONVERSION = YES;
				CLANG_WARN_CONSTANT_CONVERSION = YES;
				CLANG_WARN_DIRECT_OBJC_ISA_USAGE = YES_ERROR;
				CLANG_WARN_EMPTY_BODY = YES;
				CLANG_WARN_ENUM_CONVERSION = YES;
				CLANG_WARN_INT_CONVERSION = YES;
				CLANG_WARN_OBJC_ROOT_CLASS = YES_ERROR;
				CLANG_WARN_UNREACHABLE_CODE = YES;
				CLANG_WARN__DUPLICATE_METHOD_MATCH = YES;
				"CODE_SIGN_IDENTITY[sdk=iphoneos*]" = "iPhone Developer";
				COPY_PHASE_STRIP = NO;
				DEBUG_INFORMATION_FORMAT = "dwarf-with-dsym";
				ENABLE_NS_ASSERTIONS = NO;
				ENABLE_STRICT_OBJC_MSGSEND = YES;
				GCC_C_LANGUAGE_STANDARD = gnu99;
				GCC_NO_COMMON_BLOCKS = YES;
				GCC_WARN_64_TO_32_BIT_CONVERSION = YES;
				GCC_WARN_ABOUT_RETURN_TYPE = YES_ERROR;
				GCC_WARN_UNDECLARED_SELECTOR = YES;
				GCC_WARN_UNINITIALIZED_AUTOS = YES_AGGRESSIVE;
				GCC_WARN_UNUSED_FUNCTION = YES;
				GCC_WARN_UNUSED_VARIABLE = YES;
				IPHONEOS_DEPLOYMENT_TARGET = 9.3;
				MTL_ENABLE_DEBUG_INFO = NO;
				SDKROOT = iphoneos;
				TARGETED_DEVICE_FAMILY = "1,2";
				VALIDATE_PRODUCT = YES;
			};
			name = Release;
		};
		016F72B71D70346900A5A080 /* Debug */ = {
			isa = XCBuildConfiguration;
			buildSettings = {
				ASSETCATALOG_COMPILER_APPICON_NAME = AppIcon;
				INFOPLIST_FILE = HelloCoreData/Info.plist;
				LD_RUNPATH_SEARCH_PATHS = "$(inherited) @executable_path/Frameworks";
				PRODUCT_BUNDLE_IDENTIFIER = com.cqut.andrew554.HelloCoreData;
				PRODUCT_NAME = "$(TARGET_NAME)";
			};
			name = Debug;
		};
		016F72B81D70346900A5A080 /* Release */ = {
			isa = XCBuildConfiguration;
			buildSettings = {
				ASSETCATALOG_COMPILER_APPICON_NAME = AppIcon;
				INFOPLIST_FILE = HelloCoreData/Info.plist;
				LD_RUNPATH_SEARCH_PATHS = "$(inherited) @executable_path/Frameworks";
				PRODUCT_BUNDLE_IDENTIFIER = com.cqut.andrew554.HelloCoreData;
				PRODUCT_NAME = "$(TARGET_NAME)";
			};
			name = Release;
		};
/* End XCBuildConfiguration section */

/* Begin XCConfigurationList section */
		016F72971D70346900A5A080 /* Build configuration list for PBXProject "HelloCoreData" */ = {
			isa = XCConfigurationList;
			buildConfigurations = (
				016F72B41D70346900A5A080 /* Debug */,
				016F72B51D70346900A5A080 /* Release */,
			);
			defaultConfigurationIsVisible = 0;
			defaultConfigurationName = Release;
		};
		016F72B61D70346900A5A080 /* Build configuration list for PBXNativeTarget "HelloCoreData" */ = {
			isa = XCConfigurationList;
			buildConfigurations = (
				016F72B71D70346900A5A080 /* Debug */,
				016F72B81D70346900A5A080 /* Release */,
			);
			defaultConfigurationIsVisible = 0;
		};
/* End XCConfigurationList section */

/* Begin XCVersionGroup section */
		016F72AB1D70346900A5A080 /* HelloCoreData.xcdatamodeld */ = {
			isa = XCVersionGroup;
			children = (
				016F72AC1D70346900A5A080 /* HelloCoreData.xcdatamodel */,
			);
			currentVersion = 016F72AC1D70346900A5A080 /* HelloCoreData.xcdatamodel */;
			path = HelloCoreData.xcdatamodeld;
			sourceTree = "<group>";
			versionGroupType = wrapper.xcdatamodel;
		};
/* End XCVersionGroup section */
	};
	rootObject = 016F72941D70346900A5A080 /* Project object */;
}
